// !$*UTF8*$!
{
	archiveVersion = 1;
	classes = {
	};
	objectVersion = 46;
	objects = {

/* Begin PBXBuildFile section */
		078C8ADF1B73B2BC00CD2838 /* main.m in Sources */ = {isa = PBXBuildFile; fileRef = 078C8ADE1B73B2BC00CD2838 /* main.m */; };
		078C8AE21B73B2BC00CD2838 /* AppDelegate.m in Sources */ = {isa = PBXBuildFile; fileRef = 078C8AE11B73B2BC00CD2838 /* AppDelegate.m */; };
		078C8AE51B73B2BC00CD2838 /* ViewController.m in Sources */ = {isa = PBXBuildFile; fileRef = 078C8AE41B73B2BC00CD2838 /* ViewController.m */; };
		078C8AE81B73B2BC00CD2838 /* Main.storyboard in Resources */ = {isa = PBXBuildFile; fileRef = 078C8AE61B73B2BC00CD2838 /* Main.storyboard */; };
		078C8AEA1B73B2BC00CD2838 /* Images.xcassets in Resources */ = {isa = PBXBuildFile; fileRef = 078C8AE91B73B2BC00CD2838 /* Images.xcassets */; };
		078C8AED1B73B2BC00CD2838 /* LaunchScreen.xib in Resources */ = {isa = PBXBuildFile; fileRef = 078C8AEB1B73B2BC00CD2838 /* LaunchScreen.xib */; };
		078C8B071B73B2E500CD2838 /* MXURLConnection.m in Sources */ = {isa = PBXBuildFile; fileRef = 078C8B041B73B2E500CD2838 /* MXURLConnection.m */; };
		078C8B081B73B2E500CD2838 /* MXURLConnectionQueue.m in Sources */ = {isa = PBXBuildFile; fileRef = 078C8B061B73B2E500CD2838 /* MXURLConnectionQueue.m */; };
/* End PBXBuildFile section */

/* Begin PBXFileReference section */
		0708CD7C1D952A0A006DD82C /* MXURLConnection.podspec */ = {isa = PBXFileReference; lastKnownFileType = text; name = MXURLConnection.podspec; path = ../MXURLConnection.podspec; sourceTree = "<group>"; };
		078C8AD91B73B2BC00CD2838 /* MXURLConnectionDemo.app */ = {isa = PBXFileReference; explicitFileType = wrapper.application; includeInIndex = 0; path = MXURLConnectionDemo.app; sourceTree = BUILT_PRODUCTS_DIR; };
		078C8ADD1B73B2BC00CD2838 /* Info.plist */ = {isa = PBXFileReference; lastKnownFileType = text.plist.xml; path = Info.plist; sourceTree = "<group>"; };
		078C8ADE1B73B2BC00CD2838 /* main.m */ = {isa = PBXFileReference; lastKnownFileType = sourcecode.c.objc; path = main.m; sourceTree = "<group>"; };
		078C8AE01B73B2BC00CD2838 /* AppDelegate.h */ = {isa = PBXFileReference; lastKnownFileType = sourcecode.c.h; path = AppDelegate.h; sourceTree = "<group>"; };
		078C8AE11B73B2BC00CD2838 /* AppDelegate.m */ = {isa = PBXFileReference; lastKnownFileType = sourcecode.c.objc; path = AppDelegate.m; sourceTree = "<group>"; };
		078C8AE31B73B2BC00CD2838 /* ViewController.h */ = {isa = PBXFileReference; lastKnownFileType = sourcecode.c.h; path = ViewController.h; sourceTree = "<group>"; };
		078C8AE41B73B2BC00CD2838 /* ViewController.m */ = {isa = PBXFileReference; lastKnownFileType = sourcecode.c.objc; path = ViewController.m; sourceTree = "<group>"; };
		078C8AE71B73B2BC00CD2838 /* Base */ = {isa = PBXFileReference; lastKnownFileType = file.storyboard; name = Base; path = Base.lproj/Main.storyboard; sourceTree = "<group>"; };
		078C8AE91B73B2BC00CD2838 /* Images.xcassets */ = {isa = PBXFileReference; lastKnownFileType = folder.assetcatalog; path = Images.xcassets; sourceTree = "<group>"; };
		078C8AEC1B73B2BC00CD2838 /* Base */ = {isa = PBXFileReference; lastKnownFileType = file.xib; name = Base; path = Base.lproj/LaunchScreen.xib; sourceTree = "<group>"; };
		078C8B031B73B2E500CD2838 /* MXURLConnection.h */ = {isa = PBXFileReference; fileEncoding = 4; lastKnownFileType = sourcecode.c.h; path = MXURLConnection.h; sourceTree = "<group>"; };
		078C8B041B73B2E500CD2838 /* MXURLConnection.m */ = {isa = PBXFileReference; fileEncoding = 4; lastKnownFileType = sourcecode.c.objc; path = MXURLConnection.m; sourceTree = "<group>"; };
		078C8B051B73B2E500CD2838 /* MXURLConnectionQueue.h */ = {isa = PBXFileReference; fileEncoding = 4; lastKnownFileType = sourcecode.c.h; path = MXURLConnectionQueue.h; sourceTree = "<group>"; };
		078C8B061B73B2E500CD2838 /* MXURLConnectionQueue.m */ = {isa = PBXFileReference; fileEncoding = 4; lastKnownFileType = sourcecode.c.objc; path = MXURLConnectionQueue.m; sourceTree = "<group>"; };
/* End PBXFileReference section */

/* Begin PBXFrameworksBuildPhase section */
		078C8AD61B73B2BC00CD2838 /* Frameworks */ = {
			isa = PBXFrameworksBuildPhase;
			buildActionMask = 2147483647;
			files = (
			);
			runOnlyForDeploymentPostprocessing = 0;
		};
/* End PBXFrameworksBuildPhase section */

/* Begin PBXGroup section */
		078C8AD01B73B2BC00CD2838 = {
			isa = PBXGroup;
			children = (
				0708CD7C1D952A0A006DD82C /* MXURLConnection.podspec */,
				078C8B021B73B2E500CD2838 /* MXURLConnection */,
				078C8ADB1B73B2BC00CD2838 /* MXURLConnectionDemo */,
				078C8ADA1B73B2BC00CD2838 /* Products */,
			);
			sourceTree = "<group>";
		};
		078C8ADA1B73B2BC00CD2838 /* Products */ = {
			isa = PBXGroup;
			children = (
				078C8AD91B73B2BC00CD2838 /* MXURLConnectionDemo.app */,
			);
			name = Products;
			sourceTree = "<group>";
		};
		078C8ADB1B73B2BC00CD2838 /* MXURLConnectionDemo */ = {
			isa = PBXGroup;
			children = (
				078C8AE01B73B2BC00CD2838 /* AppDelegate.h */,
				078C8AE11B73B2BC00CD2838 /* AppDelegate.m */,
				078C8AE31B73B2BC00CD2838 /* ViewController.h */,
				078C8AE41B73B2BC00CD2838 /* ViewController.m */,
				078C8AE61B73B2BC00CD2838 /* Main.storyboard */,
				078C8AE91B73B2BC00CD2838 /* Images.xcassets */,
				078C8AEB1B73B2BC00CD2838 /* LaunchScreen.xib */,
				078C8ADC1B73B2BC00CD2838 /* Supporting Files */,
			);
			path = MXURLConnectionDemo;
			sourceTree = "<group>";
		};
		078C8ADC1B73B2BC00CD2838 /* Supporting Files */ = {
			isa = PBXGroup;
			children = (
				078C8ADD1B73B2BC00CD2838 /* Info.plist */,
				078C8ADE1B73B2BC00CD2838 /* main.m */,
			);
			name = "Supporting Files";
			sourceTree = "<group>";
		};
		078C8B021B73B2E500CD2838 /* MXURLConnection */ = {
			isa = PBXGroup;
			children = (
				078C8B031B73B2E500CD2838 /* MXURLConnection.h */,
				078C8B041B73B2E500CD2838 /* MXURLConnection.m */,
				078C8B051B73B2E500CD2838 /* MXURLConnectionQueue.h */,
				078C8B061B73B2E500CD2838 /* MXURLConnectionQueue.m */,
			);
			name = MXURLConnection;
			path = ../MXURLConnection;
			sourceTree = "<group>";
		};
/* End PBXGroup section */

/* Begin PBXNativeTarget section */
		078C8AD81B73B2BC00CD2838 /* MXURLConnectionDemo */ = {
			isa = PBXNativeTarget;
			buildConfigurationList = 078C8AFC1B73B2BC00CD2838 /* Build configuration list for PBXNativeTarget "MXURLConnectionDemo" */;
			buildPhases = (
				078C8AD51B73B2BC00CD2838 /* Sources */,
				078C8AD61B73B2BC00CD2838 /* Frameworks */,
				078C8AD71B73B2BC00CD2838 /* Resources */,
			);
			buildRules = (
			);
			dependencies = (
			);
			name = MXURLConnectionDemo;
			productName = MXURLConnectionDemo;
			productReference = 078C8AD91B73B2BC00CD2838 /* MXURLConnectionDemo.app */;
			productType = "com.apple.product-type.application";
		};
/* End PBXNativeTarget section */

/* Begin PBXProject section */
		078C8AD11B73B2BC00CD2838 /* Project object */ = {
			isa = PBXProject;
			attributes = {
				LastUpgradeCheck = 0730;
				ORGANIZATIONNAME = eric;
				TargetAttributes = {
					078C8AD81B73B2BC00CD2838 = {
						CreatedOnToolsVersion = 6.4;
					};
				};
			};
			buildConfigurationList = 078C8AD41B73B2BC00CD2838 /* Build configuration list for PBXProject "MXURLConnectionDemo" */;
			compatibilityVersion = "Xcode 3.2";
			developmentRegion = English;
			hasScannedForEncodings = 0;
			knownRegions = (
				en,
				Base,
			);
			mainGroup = 078C8AD01B73B2BC00CD2838;
			productRefGroup = 078C8ADA1B73B2BC00CD2838 /* Products */;
			projectDirPath = "";
			projectRoot = "";
			targets = (
				078C8AD81B73B2BC00CD2838 /* MXURLConnectionDemo */,
			);
		};
/* End PBXProject section */

/* Begin PBXResourcesBuildPhase section */
		078C8AD71B73B2BC00CD2838 /* Resources */ = {
			isa = PBXResourcesBuildPhase;
			buildActionMask = 2147483647;
			files = (
				078C8AE81B73B2BC00CD2838 /* Main.storyboard in Resources */,
				078C8AED1B73B2BC00CD2838 /* LaunchScreen.xib in Resources */,
				078C8AEA1B73B2BC00CD2838 /* Images.xcassets in Resources */,
			);
			runOnlyForDeploymentPostprocessing = 0;
		};
/* End PBXResourcesBuildPhase section */

/* Begin PBXSourcesBuildPhase section */
		078C8AD51B73B2BC00CD2838 /* Sources */ = {
			isa = PBXSourcesBuildPhase;
			buildActionMask = 2147483647;
			files = (
				078C8B071B73B2E500CD2838 /* MXURLConnection.m in Sources */,
				078C8AE51B73B2BC00CD2838 /* ViewController.m in Sources */,
				078C8AE21B73B2BC00CD2838 /* AppDelegate.m in Sources */,
				078C8ADF1B73B2BC00CD2838 /* main.m in Sources */,
				078C8B081B73B2E500CD2838 /* MXURLConnectionQueue.m in Sources */,
			);
			runOnlyForDeploymentPostprocessing = 0;
		};
/* End PBXSourcesBuildPhase section */

/* Begin PBXVariantGroup section */
		078C8AE61B73B2BC00CD2838 /* Main.storyboard */ = {
			isa = PBXVariantGroup;
			children = (
				078C8AE71B73B2BC00CD2838 /* Base */,
			);
			name = Main.storyboard;
			sourceTree = "<group>";
		};
		078C8AEB1B73B2BC00CD2838 /* LaunchScreen.xib */ = {
			isa = PBXVariantGroup;
			children = (
				078C8AEC1B73B2BC00CD2838 /* Base */,
			);
			name = LaunchScreen.xib;
			sourceTree = "<group>";
		};
/* End PBXVariantGroup section */

/* Begin XCBuildConfiguration section */
		078C8AFA1B73B2BC00CD2838 /* Debug */ = {
			isa = XCBuildConfiguration;
			buildSettings = {
				ALWAYS_SEARCH_USER_PATHS = NO;
				CLANG_CXX_LANGUAGE_STANDARD = "gnu++0x";
				CLANG_CXX_LIBRARY = "libc++";
				CLANG_ENABLE_MODULES = YES;
				CLANG_ENABLE_OBJC_ARC = YES;
				CLANG_WARN_BOOL_CONVERSION = YES;
				CLANG_WARN_CONSTANT_CONVERSION = YES;
				CLANG_WARN_DIRECT_OBJC_ISA_USAGE = YES_ERROR;
				CLANG_WARN_EMPTY_BODY = YES;
				CLANG_WARN_ENUM_CONVERSION = YES;
				CLANG_WARN_INT_CONVERSION = YES;
				CLANG_WARN_OBJC_ROOT_CLASS = YES_ERROR;
				CLANG_WARN_UNREACHABLE_CODE = YES;
				CLANG_WARN__DUPLICATE_METHOD_MATCH = YES;
				"CODE_SIGN_IDENTITY[sdk=iphoneos*]" = "iPhone Developer";
				COPY_PHASE_STRIP = NO;
				DEBUG_INFORMATION_FORMAT = "dwarf-with-dsym";
				ENABLE_STRICT_OBJC_MSGSEND = YES;
				ENABLE_TESTABILITY = YES;
				GCC_C_LANGUAGE_STANDARD = gnu99;
				GCC_DYNAMIC_NO_PIC = NO;
				GCC_NO_COMMON_BLOCKS = YES;
				GCC_OPTIMIZATION_LEVEL = 0;
				GCC_PREPROCESSOR_DEFINITIONS = (
					"DEBUG=1",
					"$(inherited)",
				);
				GCC_SYMBOLS_PRIVATE_EXTERN = NO;
				GCC_WARN_64_TO_32_BIT_CONVERSION = YES;
				GCC_WARN_ABOUT_RETURN_TYPE = YES_ERROR;
				GCC_WARN_UNDECLARED_SELECTOR = YES;
				GCC_WARN_UNINITIALIZED_AUTOS = YES_AGGRESSIVE;
				GCC_WARN_UNUSED_FUNCTION = YES;
				GCC_WARN_UNUSED_VARIABLE = YES;
				IPHONEOS_DEPLOYMENT_TARGET = 9.3;
				MTL_ENABLE_DEBUG_INFO = YES;
				ONLY_ACTIVE_ARCH = YES;
				SDKROOT = iphoneos;
			};
			name = Debug;
		};
		078C8AFB1B73B2BC00CD2838 /* Release */ = {
			isa = XCBuildConfiguration;
			buildSettings = {
				ALWAYS_SEARCH_USER_PATHS = NO;
				CLANG_CXX_LANGUAGE_STANDARD = "gnu++0x";
				CLANG_CXX_LIBRARY = "libc++";
				CLANG_ENABLE_MODULES = YES;
				CLANG_ENABLE_OBJC_ARC = YES;
				CLANG_WARN_BOOL_CONVERSION = YES;
				CLANG_WARN_CONSTANT_CONVERSION = YES;
				CLANG_WARN_DIRECT_OBJC_ISA_USAGE = YES_ERROR;
				CLANG_WARN_EMPTY_BODY = YES;
				CLANG_WARN_ENUM_CONVERSION = YES;
				CLANG_WARN_INT_CONVERSION = YES;
				CLANG_WARN_OBJC_ROOT_CLASS = YES_ERROR;
				CLANG_WARN_UNREACHABLE_CODE = YES;
				CLANG_WARN__DUPLICATE_METHOD_MATCH = YES;
				"CODE_SIGN_IDENTITY[sdk=iphoneos*]" = "iPhone Developer";
				COPY_PHASE_STRIP = NO;
				DEBUG_INFORMATION_FORMAT = "dwarf-with-dsym";
				ENABLE_NS_ASSERTIONS = NO;
				ENABLE_STRICT_OBJC_MSGSEND = YES;
				GCC_C_LANGUAGE_STANDARD = gnu99;
				GCC_NO_COMMON_BLOCKS = YES;
				GCC_WARN_64_TO_32_BIT_CONVERSION = YES;
				GCC_WARN_ABOUT_RETURN_TYPE = YES_ERROR;
				GCC_WARN_UNDECLARED_SELECTOR = YES;
				GCC_WARN_UNINITIALIZED_AUTOS = YES_AGGRESSIVE;
				GCC_WARN_UNUSED_FUNCTION = YES;
				GCC_WARN_UNUSED_VARIABLE = YES;
				IPHONEOS_DEPLOYMENT_TARGET = 9.3;
				MTL_ENABLE_DEBUG_INFO = NO;
				SDKROOT = iphoneos;
				VALIDATE_PRODUCT = YES;
			};
			name = Release;
		};
		078C8AFD1B73B2BC00CD2838 /* Debug */ = {
			isa = XCBuildConfiguration;
			buildSettings = {
				ASSETCATALOG_COMPILER_APPICON_NAME = AppIcon;
				INFOPLIST_FILE = MXURLConnectionDemo/Info.plist;
				IPHONEOS_DEPLOYMENT_TARGET = 8.0;
				LD_RUNPATH_SEARCH_PATHS = "$(inherited) @executable_path/Frameworks";
				PRODUCT_BUNDLE_IDENTIFIER = "eric.$(PRODUCT_NAME:rfc1034identifier)";
				PRODUCT_NAME = "$(TARGET_NAME)";
			};
			name = Debug;
		};
		078C8AFE1B73B2BC00CD2838 /* Release */ = {
			isa = XCBuildConfiguration;
			buildSettings = {
				ASSETCATALOG_COMPILER_APPICON_NAME = AppIcon;
				INFOPLIST_FILE = MXURLConnectionDemo/Info.plist;
				IPHONEOS_DEPLOYMENT_TARGET = 8.0;
				LD_RUNPATH_SEARCH_PATHS = "$(inherited) @executable_path/Frameworks";
				PRODUCT_BUNDLE_IDENTIFIER = "eric.$(PRODUCT_NAME:rfc1034identifier)";
				PRODUCT_NAME = "$(TARGET_NAME)";
			};
			name = Release;
		};
/* End XCBuildConfiguration section */

/* Begin XCConfigurationList section */
		078C8AD41B73B2BC00CD2838 /* Build configuration list for PBXProject "MXURLConnectionDemo" */ = {
			isa = XCConfigurationList;
			buildConfigurations = (
				078C8AFA1B73B2BC00CD2838 /* Debug */,
				078C8AFB1B73B2BC00CD2838 /* Release */,
			);
			defaultConfigurationIsVisible = 0;
			defaultConfigurationName = Release;
		};
		078C8AFC1B73B2BC00CD2838 /* Build configuration list for PBXNativeTarget "MXURLConnectionDemo" */ = {
			isa = XCConfigurationList;
			buildConfigurations = (
				078C8AFD1B73B2BC00CD2838 /* Debug */,
				078C8AFE1B73B2BC00CD2838 /* Release */,
			);
			defaultConfigurationIsVisible = 0;
			defaultConfigurationName = Release;
		};
/* End XCConfigurationList section */
	};
	rootObject = 078C8AD11B73B2BC00CD2838 /* Project object */;
}
